// !$*UTF8*$!
{
	archiveVersion = 1;
	classes = {
	};
	objectVersion = 50;
	objects = {

/* Begin PBXBuildFile section */
		4187CB7026D9BB1E000745EE /* AfricaApp.swift in Sources */ = {isa = PBXBuildFile; fileRef = 4187CB6F26D9BB1E000745EE /* AfricaApp.swift */; };
		4187CB7226D9BB1E000745EE /* ContentView.swift in Sources */ = {isa = PBXBuildFile; fileRef = 4187CB7126D9BB1E000745EE /* ContentView.swift */; };
		4187CB7426D9BB1F000745EE /* Assets.xcassets in Resources */ = {isa = PBXBuildFile; fileRef = 4187CB7326D9BB1F000745EE /* Assets.xcassets */; };
		4187CB7726D9BB1F000745EE /* Preview Assets.xcassets in Resources */ = {isa = PBXBuildFile; fileRef = 4187CB7626D9BB1F000745EE /* Preview Assets.xcassets */; };
		4187CB8926D9BCA3000745EE /* giraffe.mp4 in Resources */ = {isa = PBXBuildFile; fileRef = 4187CB7F26D9BC9D000745EE /* giraffe.mp4 */; };
		4187CB8A26D9BCA3000745EE /* cheetah.mp4 in Resources */ = {isa = PBXBuildFile; fileRef = 4187CB8026D9BC9E000745EE /* cheetah.mp4 */; };
		4187CB8B26D9BCA3000745EE /* lion.mp4 in Resources */ = {isa = PBXBuildFile; fileRef = 4187CB8126D9BC9E000745EE /* lion.mp4 */; };
		4187CB8C26D9BCA3000745EE /* gorilla.mp4 in Resources */ = {isa = PBXBuildFile; fileRef = 4187CB8226D9BC9F000745EE /* gorilla.mp4 */; };
		4187CB8D26D9BCA3000745EE /* elephant.mp4 in Resources */ = {isa = PBXBuildFile; fileRef = 4187CB8326D9BC9F000745EE /* elephant.mp4 */; };
		4187CB8E26D9BCA3000745EE /* lioness.mp4 in Resources */ = {isa = PBXBuildFile; fileRef = 4187CB8426D9BCA0000745EE /* lioness.mp4 */; };
		4187CB8F26D9BCA3000745EE /* hippo.mp4 in Resources */ = {isa = PBXBuildFile; fileRef = 4187CB8526D9BCA1000745EE /* hippo.mp4 */; };
		4187CB9026D9BCA3000745EE /* rhino.mp4 in Resources */ = {isa = PBXBuildFile; fileRef = 4187CB8626D9BCA1000745EE /* rhino.mp4 */; };
		4187CB9126D9BCA3000745EE /* zebra.mp4 in Resources */ = {isa = PBXBuildFile; fileRef = 4187CB8726D9BCA2000745EE /* zebra.mp4 */; };
		4187CB9226D9BCA3000745EE /* ostrich.mp4 in Resources */ = {isa = PBXBuildFile; fileRef = 4187CB8826D9BCA3000745EE /* ostrich.mp4 */; };
		4187CB9826D9BCCC000745EE /* covers.json in Resources */ = {isa = PBXBuildFile; fileRef = 4187CB9426D9BCCC000745EE /* covers.json */; };
		4187CB9926D9BCCC000745EE /* videos.json in Resources */ = {isa = PBXBuildFile; fileRef = 4187CB9526D9BCCC000745EE /* videos.json */; };
		4187CB9A26D9BCCC000745EE /* animals.json in Resources */ = {isa = PBXBuildFile; fileRef = 4187CB9626D9BCCC000745EE /* animals.json */; };
		4187CB9B26D9BCCC000745EE /* locations.json in Resources */ = {isa = PBXBuildFile; fileRef = 4187CB9726D9BCCC000745EE /* locations.json */; };
		4187CB9E26D9BE8B000745EE /* VideoListView.swift in Sources */ = {isa = PBXBuildFile; fileRef = 4187CB9D26D9BE8B000745EE /* VideoListView.swift */; };
		4187CBA026D9BE9B000745EE /* MapView.swift in Sources */ = {isa = PBXBuildFile; fileRef = 4187CB9F26D9BE9B000745EE /* MapView.swift */; };
		4187CBA226D9BEAC000745EE /* GalleryView.swift in Sources */ = {isa = PBXBuildFile; fileRef = 4187CBA126D9BEAC000745EE /* GalleryView.swift */; };
		4187CBA426D9BEB9000745EE /* MainView.swift in Sources */ = {isa = PBXBuildFile; fileRef = 4187CBA326D9BEB9000745EE /* MainView.swift */; };
		4187CBA726D9C007000745EE /* CoverImageView.swift in Sources */ = {isa = PBXBuildFile; fileRef = 4187CBA626D9C007000745EE /* CoverImageView.swift */; };
		4187CBAA26D9C195000745EE /* CoverImageModel.swift in Sources */ = {isa = PBXBuildFile; fileRef = 4187CBA926D9C195000745EE /* CoverImageModel.swift */; };
		4187CBAD26D9C294000745EE /* CodableBundleExtension.swift in Sources */ = {isa = PBXBuildFile; fileRef = 4187CBAC26D9C294000745EE /* CodableBundleExtension.swift */; };
		4187CBAF26D9C62A000745EE /* AnimalListItemView.swift in Sources */ = {isa = PBXBuildFile; fileRef = 4187CBAE26D9C62A000745EE /* AnimalListItemView.swift */; };
		4187CBB126D9C733000745EE /* AnimalModel.swift in Sources */ = {isa = PBXBuildFile; fileRef = 4187CBB026D9C733000745EE /* AnimalModel.swift */; };
		4187CBB326D9C99C000745EE /* AnimalDetailView.swift in Sources */ = {isa = PBXBuildFile; fileRef = 4187CBB226D9C99C000745EE /* AnimalDetailView.swift */; };
		4187CBB526D9CB2E000745EE /* HeadingView.swift in Sources */ = {isa = PBXBuildFile; fileRef = 4187CBB426D9CB2E000745EE /* HeadingView.swift */; };
		4187CBB726D9CC0D000745EE /* InsetGalleryView.swift in Sources */ = {isa = PBXBuildFile; fileRef = 4187CBB626D9CC0D000745EE /* InsetGalleryView.swift */; };
		4187CBB926D9CE14000745EE /* InsetFactView.swift in Sources */ = {isa = PBXBuildFile; fileRef = 4187CBB826D9CE14000745EE /* InsetFactView.swift */; };
		4187CBBB26D9CFA4000745EE /* InsetMapView.swift in Sources */ = {isa = PBXBuildFile; fileRef = 4187CBBA26D9CFA4000745EE /* InsetMapView.swift */; };
		4187CBBD26D9D19C000745EE /* ExternalWeblinkView.swift in Sources */ = {isa = PBXBuildFile; fileRef = 4187CBBC26D9D19C000745EE /* ExternalWeblinkView.swift */; };
		41E0BE6926DAD8AC0026200B /* VideoModel.swift in Sources */ = {isa = PBXBuildFile; fileRef = 41E0BE6826DAD8AC0026200B /* VideoModel.swift */; };
		41E0BE6B26DAD9040026200B /* VideoListItemView.swift in Sources */ = {isa = PBXBuildFile; fileRef = 41E0BE6A26DAD9040026200B /* VideoListItemView.swift */; };
/* End PBXBuildFile section */

/* Begin PBXFileReference section */
		4187CB6C26D9BB1E000745EE /* Africa.app */ = {isa = PBXFileReference; explicitFileType = wrapper.application; includeInIndex = 0; path = Africa.app; sourceTree = BUILT_PRODUCTS_DIR; };
		4187CB6F26D9BB1E000745EE /* AfricaApp.swift */ = {isa = PBXFileReference; lastKnownFileType = sourcecode.swift; path = AfricaApp.swift; sourceTree = "<group>"; };
		4187CB7126D9BB1E000745EE /* ContentView.swift */ = {isa = PBXFileReference; lastKnownFileType = sourcecode.swift; path = ContentView.swift; sourceTree = "<group>"; };
		4187CB7326D9BB1F000745EE /* Assets.xcassets */ = {isa = PBXFileReference; lastKnownFileType = folder.assetcatalog; path = Assets.xcassets; sourceTree = "<group>"; };
		4187CB7626D9BB1F000745EE /* Preview Assets.xcassets */ = {isa = PBXFileReference; lastKnownFileType = folder.assetcatalog; path = "Preview Assets.xcassets"; sourceTree = "<group>"; };
		4187CB7826D9BB1F000745EE /* Info.plist */ = {isa = PBXFileReference; lastKnownFileType = text.plist.xml; path = Info.plist; sourceTree = "<group>"; };
		4187CB7F26D9BC9D000745EE /* giraffe.mp4 */ = {isa = PBXFileReference; lastKnownFileType = file; path = giraffe.mp4; sourceTree = "<group>"; };
		4187CB8026D9BC9E000745EE /* cheetah.mp4 */ = {isa = PBXFileReference; lastKnownFileType = file; path = cheetah.mp4; sourceTree = "<group>"; };
		4187CB8126D9BC9E000745EE /* lion.mp4 */ = {isa = PBXFileReference; lastKnownFileType = file; path = lion.mp4; sourceTree = "<group>"; };
		4187CB8226D9BC9F000745EE /* gorilla.mp4 */ = {isa = PBXFileReference; lastKnownFileType = file; path = gorilla.mp4; sourceTree = "<group>"; };
		4187CB8326D9BC9F000745EE /* elephant.mp4 */ = {isa = PBXFileReference; lastKnownFileType = file; path = elephant.mp4; sourceTree = "<group>"; };
		4187CB8426D9BCA0000745EE /* lioness.mp4 */ = {isa = PBXFileReference; lastKnownFileType = file; path = lioness.mp4; sourceTree = "<group>"; };
		4187CB8526D9BCA1000745EE /* hippo.mp4 */ = {isa = PBXFileReference; lastKnownFileType = file; path = hippo.mp4; sourceTree = "<group>"; };
		4187CB8626D9BCA1000745EE /* rhino.mp4 */ = {isa = PBXFileReference; lastKnownFileType = file; path = rhino.mp4; sourceTree = "<group>"; };
		4187CB8726D9BCA2000745EE /* zebra.mp4 */ = {isa = PBXFileReference; lastKnownFileType = file; path = zebra.mp4; sourceTree = "<group>"; };
		4187CB8826D9BCA3000745EE /* ostrich.mp4 */ = {isa = PBXFileReference; lastKnownFileType = file; path = ostrich.mp4; sourceTree = "<group>"; };
		4187CB9426D9BCCC000745EE /* covers.json */ = {isa = PBXFileReference; fileEncoding = 4; lastKnownFileType = text.json; path = covers.json; sourceTree = "<group>"; };
		4187CB9526D9BCCC000745EE /* videos.json */ = {isa = PBXFileReference; fileEncoding = 4; lastKnownFileType = text.json; path = videos.json; sourceTree = "<group>"; };
		4187CB9626D9BCCC000745EE /* animals.json */ = {isa = PBXFileReference; fileEncoding = 4; lastKnownFileType = text.json; path = animals.json; sourceTree = "<group>"; };
		4187CB9726D9BCCC000745EE /* locations.json */ = {isa = PBXFileReference; fileEncoding = 4; lastKnownFileType = text.json; path = locations.json; sourceTree = "<group>"; };
		4187CB9D26D9BE8B000745EE /* VideoListView.swift */ = {isa = PBXFileReference; lastKnownFileType = sourcecode.swift; path = VideoListView.swift; sourceTree = "<group>"; };
		4187CB9F26D9BE9B000745EE /* MapView.swift */ = {isa = PBXFileReference; lastKnownFileType = sourcecode.swift; path = MapView.swift; sourceTree = "<group>"; };
		4187CBA126D9BEAC000745EE /* GalleryView.swift */ = {isa = PBXFileReference; lastKnownFileType = sourcecode.swift; path = GalleryView.swift; sourceTree = "<group>"; };
		4187CBA326D9BEB9000745EE /* MainView.swift */ = {isa = PBXFileReference; lastKnownFileType = sourcecode.swift; path = MainView.swift; sourceTree = "<group>"; };
		4187CBA626D9C007000745EE /* CoverImageView.swift */ = {isa = PBXFileReference; lastKnownFileType = sourcecode.swift; path = CoverImageView.swift; sourceTree = "<group>"; };
		4187CBA926D9C195000745EE /* CoverImageModel.swift */ = {isa = PBXFileReference; lastKnownFileType = sourcecode.swift; path = CoverImageModel.swift; sourceTree = "<group>"; };
		4187CBAC26D9C294000745EE /* CodableBundleExtension.swift */ = {isa = PBXFileReference; lastKnownFileType = sourcecode.swift; path = CodableBundleExtension.swift; sourceTree = "<group>"; };
		4187CBAE26D9C62A000745EE /* AnimalListItemView.swift */ = {isa = PBXFileReference; lastKnownFileType = sourcecode.swift; path = AnimalListItemView.swift; sourceTree = "<group>"; };
		4187CBB026D9C733000745EE /* AnimalModel.swift */ = {isa = PBXFileReference; lastKnownFileType = sourcecode.swift; path = AnimalModel.swift; sourceTree = "<group>"; };
		4187CBB226D9C99C000745EE /* AnimalDetailView.swift */ = {isa = PBXFileReference; lastKnownFileType = sourcecode.swift; path = AnimalDetailView.swift; sourceTree = "<group>"; };
		4187CBB426D9CB2E000745EE /* HeadingView.swift */ = {isa = PBXFileReference; lastKnownFileType = sourcecode.swift; path = HeadingView.swift; sourceTree = "<group>"; };
		4187CBB626D9CC0D000745EE /* InsetGalleryView.swift */ = {isa = PBXFileReference; lastKnownFileType = sourcecode.swift; path = InsetGalleryView.swift; sourceTree = "<group>"; };
		4187CBB826D9CE14000745EE /* InsetFactView.swift */ = {isa = PBXFileReference; lastKnownFileType = sourcecode.swift; path = InsetFactView.swift; sourceTree = "<group>"; };
		4187CBBA26D9CFA4000745EE /* InsetMapView.swift */ = {isa = PBXFileReference; lastKnownFileType = sourcecode.swift; path = InsetMapView.swift; sourceTree = "<group>"; };
		4187CBBC26D9D19C000745EE /* ExternalWeblinkView.swift */ = {isa = PBXFileReference; lastKnownFileType = sourcecode.swift; path = ExternalWeblinkView.swift; sourceTree = "<group>"; };
		41E0BE6826DAD8AC0026200B /* VideoModel.swift */ = {isa = PBXFileReference; lastKnownFileType = sourcecode.swift; path = VideoModel.swift; sourceTree = "<group>"; };
		41E0BE6A26DAD9040026200B /* VideoListItemView.swift */ = {isa = PBXFileReference; lastKnownFileType = sourcecode.swift; path = VideoListItemView.swift; sourceTree = "<group>"; };
/* End PBXFileReference section */

/* Begin PBXFrameworksBuildPhase section */
		4187CB6926D9BB1E000745EE /* Frameworks */ = {
			isa = PBXFrameworksBuildPhase;
			buildActionMask = 2147483647;
			files = (
			);
			runOnlyForDeploymentPostprocessing = 0;
		};
/* End PBXFrameworksBuildPhase section */

/* Begin PBXGroup section */
		4187CB6326D9BB1E000745EE = {
			isa = PBXGroup;
			children = (
				4187CB6E26D9BB1E000745EE /* Africa */,
				4187CB6D26D9BB1E000745EE /* Products */,
			);
			sourceTree = "<group>";
		};
		4187CB6D26D9BB1E000745EE /* Products */ = {
			isa = PBXGroup;
			children = (
				4187CB6C26D9BB1E000745EE /* Africa.app */,
			);
			name = Products;
			sourceTree = "<group>";
		};
		4187CB6E26D9BB1E000745EE /* Africa */ = {
			isa = PBXGroup;
			children = (
				4187CBAB26D9C286000745EE /* Extension */,
				4187CBA826D9C116000745EE /* Model */,
				4187CBA526D9BFFA000745EE /* View */,
				4187CB9326D9BCC1000745EE /* Data */,
				4187CB7E26D9BC80000745EE /* Video */,
				4187CB9C26D9BE3D000745EE /* App */,
				4187CB7326D9BB1F000745EE /* Assets.xcassets */,
				4187CB7826D9BB1F000745EE /* Info.plist */,
				4187CB7526D9BB1F000745EE /* Preview Content */,
			);
			path = Africa;
			sourceTree = "<group>";
		};
		4187CB7526D9BB1F000745EE /* Preview Content */ = {
			isa = PBXGroup;
			children = (
				4187CB7626D9BB1F000745EE /* Preview Assets.xcassets */,
			);
			path = "Preview Content";
			sourceTree = "<group>";
		};
		4187CB7E26D9BC80000745EE /* Video */ = {
			isa = PBXGroup;
			children = (
				4187CB8026D9BC9E000745EE /* cheetah.mp4 */,
				4187CB8326D9BC9F000745EE /* elephant.mp4 */,
				4187CB7F26D9BC9D000745EE /* giraffe.mp4 */,
				4187CB8226D9BC9F000745EE /* gorilla.mp4 */,
				4187CB8526D9BCA1000745EE /* hippo.mp4 */,
				4187CB8126D9BC9E000745EE /* lion.mp4 */,
				4187CB8426D9BCA0000745EE /* lioness.mp4 */,
				4187CB8826D9BCA3000745EE /* ostrich.mp4 */,
				4187CB8626D9BCA1000745EE /* rhino.mp4 */,
				4187CB8726D9BCA2000745EE /* zebra.mp4 */,
			);
			path = Video;
			sourceTree = "<group>";
		};
		4187CB9326D9BCC1000745EE /* Data */ = {
			isa = PBXGroup;
			children = (
				4187CB9626D9BCCC000745EE /* animals.json */,
				4187CB9426D9BCCC000745EE /* covers.json */,
				4187CB9726D9BCCC000745EE /* locations.json */,
				4187CB9526D9BCCC000745EE /* videos.json */,
			);
			path = Data;
			sourceTree = "<group>";
		};
		4187CB9C26D9BE3D000745EE /* App */ = {
			isa = PBXGroup;
			children = (
				4187CB6F26D9BB1E000745EE /* AfricaApp.swift */,
				4187CB7126D9BB1E000745EE /* ContentView.swift */,
				4187CB9D26D9BE8B000745EE /* VideoListView.swift */,
				4187CB9F26D9BE9B000745EE /* MapView.swift */,
				4187CBA126D9BEAC000745EE /* GalleryView.swift */,
				4187CBA326D9BEB9000745EE /* MainView.swift */,
			);
			path = App;
			sourceTree = "<group>";
		};
		4187CBA526D9BFFA000745EE /* View */ = {
			isa = PBXGroup;
			children = (
				4187CBA626D9C007000745EE /* CoverImageView.swift */,
				4187CBAE26D9C62A000745EE /* AnimalListItemView.swift */,
				4187CBB226D9C99C000745EE /* AnimalDetailView.swift */,
				4187CBB426D9CB2E000745EE /* HeadingView.swift */,
				4187CBB626D9CC0D000745EE /* InsetGalleryView.swift */,
				4187CBB826D9CE14000745EE /* InsetFactView.swift */,
				4187CBBA26D9CFA4000745EE /* InsetMapView.swift */,
				4187CBBC26D9D19C000745EE /* ExternalWeblinkView.swift */,
				41E0BE6A26DAD9040026200B /* VideoListItemView.swift */,
			);
			path = View;
			sourceTree = "<group>";
		};
		4187CBA826D9C116000745EE /* Model */ = {
			isa = PBXGroup;
			children = (
				4187CBA926D9C195000745EE /* CoverImageModel.swift */,
				4187CBB026D9C733000745EE /* AnimalModel.swift */,
				41E0BE6826DAD8AC0026200B /* VideoModel.swift */,
			);
			path = Model;
			sourceTree = "<group>";
		};
		4187CBAB26D9C286000745EE /* Extension */ = {
			isa = PBXGroup;
			children = (
				4187CBAC26D9C294000745EE /* CodableBundleExtension.swift */,
			);
			path = Extension;
			sourceTree = "<group>";
		};
/* End PBXGroup section */

/* Begin PBXNativeTarget section */
		4187CB6B26D9BB1E000745EE /* Africa */ = {
			isa = PBXNativeTarget;
			buildConfigurationList = 4187CB7B26D9BB1F000745EE /* Build configuration list for PBXNativeTarget "Africa" */;
			buildPhases = (
				4187CB6826D9BB1E000745EE /* Sources */,
				4187CB6926D9BB1E000745EE /* Frameworks */,
				4187CB6A26D9BB1E000745EE /* Resources */,
			);
			buildRules = (
			);
			dependencies = (
			);
			name = Africa;
			productName = Africa;
			productReference = 4187CB6C26D9BB1E000745EE /* Africa.app */;
			productType = "com.apple.product-type.application";
		};
/* End PBXNativeTarget section */

/* Begin PBXProject section */
		4187CB6426D9BB1E000745EE /* Project object */ = {
			isa = PBXProject;
			attributes = {
				LastSwiftUpdateCheck = 1250;
				LastUpgradeCheck = 1250;
				TargetAttributes = {
					4187CB6B26D9BB1E000745EE = {
						CreatedOnToolsVersion = 12.5.1;
					};
				};
			};
			buildConfigurationList = 4187CB6726D9BB1E000745EE /* Build configuration list for PBXProject "Africa" */;
			compatibilityVersion = "Xcode 9.3";
			developmentRegion = en;
			hasScannedForEncodings = 0;
			knownRegions = (
				en,
				Base,
			);
			mainGroup = 4187CB6326D9BB1E000745EE;
			productRefGroup = 4187CB6D26D9BB1E000745EE /* Products */;
			projectDirPath = "";
			projectRoot = "";
			targets = (
				4187CB6B26D9BB1E000745EE /* Africa */,
			);
		};
/* End PBXProject section */

/* Begin PBXResourcesBuildPhase section */
		4187CB6A26D9BB1E000745EE /* Resources */ = {
			isa = PBXResourcesBuildPhase;
			buildActionMask = 2147483647;
			files = (
				4187CB9A26D9BCCC000745EE /* animals.json in Resources */,
				4187CB9826D9BCCC000745EE /* covers.json in Resources */,
				4187CB9B26D9BCCC000745EE /* locations.json in Resources */,
				4187CB8A26D9BCA3000745EE /* cheetah.mp4 in Resources */,
				4187CB8F26D9BCA3000745EE /* hippo.mp4 in Resources */,
				4187CB9926D9BCCC000745EE /* videos.json in Resources */,
				4187CB7726D9BB1F000745EE /* Preview Assets.xcassets in Resources */,
				4187CB7426D9BB1F000745EE /* Assets.xcassets in Resources */,
				4187CB8B26D9BCA3000745EE /* lion.mp4 in Resources */,
				4187CB8D26D9BCA3000745EE /* elephant.mp4 in Resources */,
				4187CB9226D9BCA3000745EE /* ostrich.mp4 in Resources */,
				4187CB9126D9BCA3000745EE /* zebra.mp4 in Resources */,
				4187CB8C26D9BCA3000745EE /* gorilla.mp4 in Resources */,
				4187CB8926D9BCA3000745EE /* giraffe.mp4 in Resources */,
				4187CB9026D9BCA3000745EE /* rhino.mp4 in Resources */,
				4187CB8E26D9BCA3000745EE /* lioness.mp4 in Resources */,
			);
			runOnlyForDeploymentPostprocessing = 0;
		};
/* End PBXResourcesBuildPhase section */

/* Begin PBXSourcesBuildPhase section */
		4187CB6826D9BB1E000745EE /* Sources */ = {
			isa = PBXSourcesBuildPhase;
			buildActionMask = 2147483647;
			files = (
				41E0BE6B26DAD9040026200B /* VideoListItemView.swift in Sources */,
				4187CBBD26D9D19C000745EE /* ExternalWeblinkView.swift in Sources */,
				4187CB7226D9BB1E000745EE /* ContentView.swift in Sources */,
				4187CBAF26D9C62A000745EE /* AnimalListItemView.swift in Sources */,
				4187CBA426D9BEB9000745EE /* MainView.swift in Sources */,
				4187CBB926D9CE14000745EE /* InsetFactView.swift in Sources */,
				4187CBA726D9C007000745EE /* CoverImageView.swift in Sources */,
				4187CBAA26D9C195000745EE /* CoverImageModel.swift in Sources */,
				4187CBB326D9C99C000745EE /* AnimalDetailView.swift in Sources */,
				4187CBA026D9BE9B000745EE /* MapView.swift in Sources */,
				4187CB7026D9BB1E000745EE /* AfricaApp.swift in Sources */,
				4187CBBB26D9CFA4000745EE /* InsetMapView.swift in Sources */,
				4187CB9E26D9BE8B000745EE /* VideoListView.swift in Sources */,
				4187CBA226D9BEAC000745EE /* GalleryView.swift in Sources */,
				41E0BE6926DAD8AC0026200B /* VideoModel.swift in Sources */,
				4187CBAD26D9C294000745EE /* CodableBundleExtension.swift in Sources */,
				4187CBB726D9CC0D000745EE /* InsetGalleryView.swift in Sources */,
				4187CBB126D9C733000745EE /* AnimalModel.swift in Sources */,
				4187CBB526D9CB2E000745EE /* HeadingView.swift in Sources */,
			);
			runOnlyForDeploymentPostprocessing = 0;
		};
/* End PBXSourcesBuildPhase section */

/* Begin XCBuildConfiguration section */
		4187CB7926D9BB1F000745EE /* Debug */ = {
			isa = XCBuildConfiguration;
			buildSettings = {
				ALWAYS_SEARCH_USER_PATHS = NO;
				CLANG_ANALYZER_NONNULL = YES;
				CLANG_ANALYZER_NUMBER_OBJECT_CONVERSION = YES_AGGRESSIVE;
				CLANG_CXX_LANGUAGE_STANDARD = "gnu++14";
				CLANG_CXX_LIBRARY = "libc++";
				CLANG_ENABLE_MODULES = YES;
				CLANG_ENABLE_OBJC_ARC = YES;
				CLANG_ENABLE_OBJC_WEAK = YES;
				CLANG_WARN_BLOCK_CAPTURE_AUTORELEASING = YES;
				CLANG_WARN_BOOL_CONVERSION = YES;
				CLANG_WARN_COMMA = YES;
				CLANG_WARN_CONSTANT_CONVERSION = YES;
				CLANG_WARN_DEPRECATED_OBJC_IMPLEMENTATIONS = YES;
				CLANG_WARN_DIRECT_OBJC_ISA_USAGE = YES_ERROR;
				CLANG_WARN_DOCUMENTATION_COMMENTS = YES;
				CLANG_WARN_EMPTY_BODY = YES;
				CLANG_WARN_ENUM_CONVERSION = YES;
				CLANG_WARN_INFINITE_RECURSION = YES;
				CLANG_WARN_INT_CONVERSION = YES;
				CLANG_WARN_NON_LITERAL_NULL_CONVERSION = YES;
				CLANG_WARN_OBJC_IMPLICIT_RETAIN_SELF = YES;
				CLANG_WARN_OBJC_LITERAL_CONVERSION = YES;
				CLANG_WARN_OBJC_ROOT_CLASS = YES_ERROR;
				CLANG_WARN_QUOTED_INCLUDE_IN_FRAMEWORK_HEADER = YES;
				CLANG_WARN_RANGE_LOOP_ANALYSIS = YES;
				CLANG_WARN_STRICT_PROTOTYPES = YES;
				CLANG_WARN_SUSPICIOUS_MOVE = YES;
				CLANG_WARN_UNGUARDED_AVAILABILITY = YES_AGGRESSIVE;
				CLANG_WARN_UNREACHABLE_CODE = YES;
				CLANG_WARN__DUPLICATE_METHOD_MATCH = YES;
				COPY_PHASE_STRIP = NO;
				DEBUG_INFORMATION_FORMAT = dwarf;
				ENABLE_STRICT_OBJC_MSGSEND = YES;
				ENABLE_TESTABILITY = YES;
				GCC_C_LANGUAGE_STANDARD = gnu11;
				GCC_DYNAMIC_NO_PIC = NO;
				GCC_NO_COMMON_BLOCKS = YES;
				GCC_OPTIMIZATION_LEVEL = 0;
				GCC_PREPROCESSOR_DEFINITIONS = (
					"DEBUG=1",
					"$(inherited)",
				);
				GCC_WARN_64_TO_32_BIT_CONVERSION = YES;
				GCC_WARN_ABOUT_RETURN_TYPE = YES_ERROR;
				GCC_WARN_UNDECLARED_SELECTOR = YES;
				GCC_WARN_UNINITIALIZED_AUTOS = YES_AGGRESSIVE;
				GCC_WARN_UNUSED_FUNCTION = YES;
				GCC_WARN_UNUSED_VARIABLE = YES;
				IPHONEOS_DEPLOYMENT_TARGET = 14.5;
				MTL_ENABLE_DEBUG_INFO = INCLUDE_SOURCE;
				MTL_FAST_MATH = YES;
				ONLY_ACTIVE_ARCH = YES;
				SDKROOT = iphoneos;
				SWIFT_ACTIVE_COMPILATION_CONDITIONS = DEBUG;
				SWIFT_OPTIMIZATION_LEVEL = "-Onone";
			};
			name = Debug;
		};
		4187CB7A26D9BB1F000745EE /* Release */ = {
			isa = XCBuildConfiguration;
			buildSettings = {
				ALWAYS_SEARCH_USER_PATHS = NO;
				CLANG_ANALYZER_NONNULL = YES;
				CLANG_ANALYZER_NUMBER_OBJECT_CONVERSION = YES_AGGRESSIVE;
				CLANG_CXX_LANGUAGE_STANDARD = "gnu++14";
				CLANG_CXX_LIBRARY = "libc++";
				CLANG_ENABLE_MODULES = YES;
				CLANG_ENABLE_OBJC_ARC = YES;
				CLANG_ENABLE_OBJC_WEAK = YES;
				CLANG_WARN_BLOCK_CAPTURE_AUTORELEASING = YES;
				CLANG_WARN_BOOL_CONVERSION = YES;
				CLANG_WARN_COMMA = YES;
				CLANG_WARN_CONSTANT_CONVERSION = YES;
				CLANG_WARN_DEPRECATED_OBJC_IMPLEMENTATIONS = YES;
				CLANG_WARN_DIRECT_OBJC_ISA_USAGE = YES_ERROR;
				CLANG_WARN_DOCUMENTATION_COMMENTS = YES;
				CLANG_WARN_EMPTY_BODY = YES;
				CLANG_WARN_ENUM_CONVERSION = YES;
				CLANG_WARN_INFINITE_RECURSION = YES;
				CLANG_WARN_INT_CONVERSION = YES;
				CLANG_WARN_NON_LITERAL_NULL_CONVERSION = YES;
				CLANG_WARN_OBJC_IMPLICIT_RETAIN_SELF = YES;
				CLANG_WARN_OBJC_LITERAL_CONVERSION = YES;
				CLANG_WARN_OBJC_ROOT_CLASS = YES_ERROR;
				CLANG_WARN_QUOTED_INCLUDE_IN_FRAMEWORK_HEADER = YES;
				CLANG_WARN_RANGE_LOOP_ANALYSIS = YES;
				CLANG_WARN_STRICT_PROTOTYPES = YES;
				CLANG_WARN_SUSPICIOUS_MOVE = YES;
				CLANG_WARN_UNGUARDED_AVAILABILITY = YES_AGGRESSIVE;
				CLANG_WARN_UNREACHABLE_CODE = YES;
				CLANG_WARN__DUPLICATE_METHOD_MATCH = YES;
				COPY_PHASE_STRIP = NO;
				DEBUG_INFORMATION_FORMAT = "dwarf-with-dsym";
				ENABLE_NS_ASSERTIONS = NO;
				ENABLE_STRICT_OBJC_MSGSEND = YES;
				GCC_C_LANGUAGE_STANDARD = gnu11;
				GCC_NO_COMMON_BLOCKS = YES;
				GCC_WARN_64_TO_32_BIT_CONVERSION = YES;
				GCC_WARN_ABOUT_RETURN_TYPE = YES_ERROR;
				GCC_WARN_UNDECLARED_SELECTOR = YES;
				GCC_WARN_UNINITIALIZED_AUTOS = YES_AGGRESSIVE;
				GCC_WARN_UNUSED_FUNCTION = YES;
				GCC_WARN_UNUSED_VARIABLE = YES;
				IPHONEOS_DEPLOYMENT_TARGET = 14.5;
				MTL_ENABLE_DEBUG_INFO = NO;
				MTL_FAST_MATH = YES;
				SDKROOT = iphoneos;
				SWIFT_COMPILATION_MODE = wholemodule;
				SWIFT_OPTIMIZATION_LEVEL = "-O";
				VALIDATE_PRODUCT = YES;
			};
			name = Release;
		};
		4187CB7C26D9BB1F000745EE /* Debug */ = {
			isa = XCBuildConfiguration;
			buildSettings = {
				ASSETCATALOG_COMPILER_APPICON_NAME = AppIcon;
				ASSETCATALOG_COMPILER_GLOBAL_ACCENT_COLOR_NAME = AccentColor;
				CODE_SIGN_STYLE = Automatic;
				DEVELOPMENT_ASSET_PATHS = "\"Africa/Preview Content\"";
				DEVELOPMENT_TEAM = DRGBH45X55;
				ENABLE_PREVIEWS = YES;
				INFOPLIST_FILE = Africa/Info.plist;
				IPHONEOS_DEPLOYMENT_TARGET = 14.0;
				LD_RUNPATH_SEARCH_PATHS = (
					"$(inherited)",
					"@executable_path/Frameworks",
				);
				PRODUCT_BUNDLE_IDENTIFIER = gustavosilva.Africa;
				PRODUCT_NAME = "$(TARGET_NAME)";
				SWIFT_VERSION = 5.0;
				TARGETED_DEVICE_FAMILY = "1,2";
			};
			name = Debug;
		};
		4187CB7D26D9BB1F000745EE /* Release */ = {
			isa = XCBuildConfiguration;
			buildSettings = {
				ASSETCATALOG_COMPILER_APPICON_NAME = AppIcon;
				ASSETCATALOG_COMPILER_GLOBAL_ACCENT_COLOR_NAME = AccentColor;
				CODE_SIGN_STYLE = Automatic;
				DEVELOPMENT_ASSET_PATHS = "\"Africa/Preview Content\"";
				DEVELOPMENT_TEAM = DRGBH45X55;
				ENABLE_PREVIEWS = YES;
				INFOPLIST_FILE = Africa/Info.plist;
				IPHONEOS_DEPLOYMENT_TARGET = 14.0;
				LD_RUNPATH_SEARCH_PATHS = (
					"$(inherited)",
					"@executable_path/Frameworks",
				);
				PRODUCT_BUNDLE_IDENTIFIER = gustavosilva.Africa;
				PRODUCT_NAME = "$(TARGET_NAME)";
				SWIFT_VERSION = 5.0;
				TARGETED_DEVICE_FAMILY = "1,2";
			};
			name = Release;
		};
/* End XCBuildConfiguration section */

/* Begin XCConfigurationList section */
		4187CB6726D9BB1E000745EE /* Build configuration list for PBXProject "Africa" */ = {
			isa = XCConfigurationList;
			buildConfigurations = (
				4187CB7926D9BB1F000745EE /* Debug */,
				4187CB7A26D9BB1F000745EE /* Release */,
			);
			defaultConfigurationIsVisible = 0;
			defaultConfigurationName = Release;
		};
		4187CB7B26D9BB1F000745EE /* Build configuration list for PBXNativeTarget "Africa" */ = {
			isa = XCConfigurationList;
			buildConfigurations = (
				4187CB7C26D9BB1F000745EE /* Debug */,
				4187CB7D26D9BB1F000745EE /* Release */,
			);
			defaultConfigurationIsVisible = 0;
			defaultConfigurationName = Release;
		};
/* End XCConfigurationList section */
	};
	rootObject = 4187CB6426D9BB1E000745EE /* Project object */;
}
